// !$*UTF8*$!
{
	archiveVersion = 1;
	classes = {
	};
	objectVersion = 50;
	objects = {

/* Begin PBXBuildFile section */
		5F9CF79058B535CC7554605E /* Pods_ExampleTests.framework in Frameworks */ = {isa = PBXBuildFile; fileRef = 3FBE2EB5EBC8A1ED06E4D829 /* Pods_ExampleTests.framework */; };
		661E6A4F26136E5200798C85 /* SanityTests.swift in Sources */ = {isa = PBXBuildFile; fileRef = 661E6A4E26136E5200798C85 /* SanityTests.swift */; };
		669FECFE241B16DE00C7733C /* AppDelegate.swift in Sources */ = {isa = PBXBuildFile; fileRef = 669FECFD241B16DE00C7733C /* AppDelegate.swift */; };
		669FED02241B16DE00C7733C /* ViewController.swift in Sources */ = {isa = PBXBuildFile; fileRef = 669FED01241B16DE00C7733C /* ViewController.swift */; };
		669FED05241B16DE00C7733C /* Main.storyboard in Resources */ = {isa = PBXBuildFile; fileRef = 669FED03241B16DE00C7733C /* Main.storyboard */; };
		669FED07241B16DF00C7733C /* Assets.xcassets in Resources */ = {isa = PBXBuildFile; fileRef = 669FED06241B16DF00C7733C /* Assets.xcassets */; };
		669FED0A241B16DF00C7733C /* LaunchScreen.storyboard in Resources */ = {isa = PBXBuildFile; fileRef = 669FED08241B16DF00C7733C /* LaunchScreen.storyboard */; };
		66E6DF8125C20375009ECAA1 /* FFT.m in Sources */ = {isa = PBXBuildFile; fileRef = 66E6DF8025C20375009ECAA1 /* FFT.m */; };
		B0C4AFD85A62F826EB9DEC12 /* Pods_Example.framework in Frameworks */ = {isa = PBXBuildFile; fileRef = 5D3A0BDA69F19A6C32FE4FB3 /* Pods_Example.framework */; };
/* End PBXBuildFile section */

/* Begin PBXContainerItemProxy section */
		669FED11241B16DF00C7733C /* PBXContainerItemProxy */ = {
			isa = PBXContainerItemProxy;
			containerPortal = 669FECF2241B16DE00C7733C /* Project object */;
			proxyType = 1;
			remoteGlobalIDString = 669FECF9241B16DE00C7733C;
			remoteInfo = Example;
		};
/* End PBXContainerItemProxy section */

/* Begin PBXFileReference section */
		3FBE2EB5EBC8A1ED06E4D829 /* Pods_ExampleTests.framework */ = {isa = PBXFileReference; explicitFileType = wrapper.framework; includeInIndex = 0; path = Pods_ExampleTests.framework; sourceTree = BUILT_PRODUCTS_DIR; };
		59B82475E1CD5ED52A396F4F /* Pods-ExampleTests.release.xcconfig */ = {isa = PBXFileReference; includeInIndex = 1; lastKnownFileType = text.xcconfig; name = "Pods-ExampleTests.release.xcconfig"; path = "Target Support Files/Pods-ExampleTests/Pods-ExampleTests.release.xcconfig"; sourceTree = "<group>"; };
		5D3A0BDA69F19A6C32FE4FB3 /* Pods_Example.framework */ = {isa = PBXFileReference; explicitFileType = wrapper.framework; includeInIndex = 0; path = Pods_Example.framework; sourceTree = BUILT_PRODUCTS_DIR; };
		661E6A4E26136E5200798C85 /* SanityTests.swift */ = {isa = PBXFileReference; lastKnownFileType = sourcecode.swift; path = SanityTests.swift; sourceTree = "<group>"; };
		664CB2FA2571A386008E6B1F /* Example.entitlements */ = {isa = PBXFileReference; lastKnownFileType = text.plist.entitlements; path = Example.entitlements; sourceTree = "<group>"; };
		669FECFA241B16DE00C7733C /* Example.app */ = {isa = PBXFileReference; explicitFileType = wrapper.application; includeInIndex = 0; path = Example.app; sourceTree = BUILT_PRODUCTS_DIR; };
		669FECFD241B16DE00C7733C /* AppDelegate.swift */ = {isa = PBXFileReference; lastKnownFileType = sourcecode.swift; path = AppDelegate.swift; sourceTree = "<group>"; };
		669FED01241B16DE00C7733C /* ViewController.swift */ = {isa = PBXFileReference; lastKnownFileType = sourcecode.swift; path = ViewController.swift; sourceTree = "<group>"; };
		669FED04241B16DE00C7733C /* Base */ = {isa = PBXFileReference; lastKnownFileType = file.storyboard; name = Base; path = Base.lproj/Main.storyboard; sourceTree = "<group>"; };
		669FED06241B16DF00C7733C /* Assets.xcassets */ = {isa = PBXFileReference; lastKnownFileType = folder.assetcatalog; path = Assets.xcassets; sourceTree = "<group>"; };
		669FED09241B16DF00C7733C /* Base */ = {isa = PBXFileReference; lastKnownFileType = file.storyboard; name = Base; path = Base.lproj/LaunchScreen.storyboard; sourceTree = "<group>"; };
		669FED0B241B16DF00C7733C /* Info.plist */ = {isa = PBXFileReference; lastKnownFileType = text.plist.xml; path = Info.plist; sourceTree = "<group>"; };
		669FED10241B16DF00C7733C /* ExampleTests.xctest */ = {isa = PBXFileReference; explicitFileType = wrapper.cfbundle; includeInIndex = 0; path = ExampleTests.xctest; sourceTree = BUILT_PRODUCTS_DIR; };
		669FED16241B16DF00C7733C /* Info.plist */ = {isa = PBXFileReference; lastKnownFileType = text.plist.xml; path = Info.plist; sourceTree = "<group>"; };
		66E6DF7825C20311009ECAA1 /* Example-Bridging-Header.h */ = {isa = PBXFileReference; lastKnownFileType = sourcecode.c.h; path = "Example-Bridging-Header.h"; sourceTree = "<group>"; };
		66E6DF7F25C20375009ECAA1 /* FFT.h */ = {isa = PBXFileReference; lastKnownFileType = sourcecode.c.h; path = FFT.h; sourceTree = "<group>"; };
		66E6DF8025C20375009ECAA1 /* FFT.m */ = {isa = PBXFileReference; lastKnownFileType = sourcecode.c.objc; path = FFT.m; sourceTree = "<group>"; };
		673E8BF513B350E2FA289D28 /* Pods-ExampleTests.debug.xcconfig */ = {isa = PBXFileReference; includeInIndex = 1; lastKnownFileType = text.xcconfig; name = "Pods-ExampleTests.debug.xcconfig"; path = "Target Support Files/Pods-ExampleTests/Pods-ExampleTests.debug.xcconfig"; sourceTree = "<group>"; };
		90CC2F609372A4F5B9268DA7 /* Pods-Example.release.xcconfig */ = {isa = PBXFileReference; includeInIndex = 1; lastKnownFileType = text.xcconfig; name = "Pods-Example.release.xcconfig"; path = "Target Support Files/Pods-Example/Pods-Example.release.xcconfig"; sourceTree = "<group>"; };
		F23C1DC30DA79FCDF61B01C9 /* Pods-Example.debug.xcconfig */ = {isa = PBXFileReference; includeInIndex = 1; lastKnownFileType = text.xcconfig; name = "Pods-Example.debug.xcconfig"; path = "Target Support Files/Pods-Example/Pods-Example.debug.xcconfig"; sourceTree = "<group>"; };
/* End PBXFileReference section */

/* Begin PBXFrameworksBuildPhase section */
		669FECF7241B16DE00C7733C /* Frameworks */ = {
			isa = PBXFrameworksBuildPhase;
			buildActionMask = 2147483647;
			files = (
				B0C4AFD85A62F826EB9DEC12 /* Pods_Example.framework in Frameworks */,
			);
			runOnlyForDeploymentPostprocessing = 0;
		};
		669FED0D241B16DF00C7733C /* Frameworks */ = {
			isa = PBXFrameworksBuildPhase;
			buildActionMask = 2147483647;
			files = (
				5F9CF79058B535CC7554605E /* Pods_ExampleTests.framework in Frameworks */,
			);
			runOnlyForDeploymentPostprocessing = 0;
		};
/* End PBXFrameworksBuildPhase section */

/* Begin PBXGroup section */
		4B9D7B9FCA3D49AE43E15A47 /* Frameworks */ = {
			isa = PBXGroup;
			children = (
				5D3A0BDA69F19A6C32FE4FB3 /* Pods_Example.framework */,
				3FBE2EB5EBC8A1ED06E4D829 /* Pods_ExampleTests.framework */,
			);
			name = Frameworks;
			sourceTree = "<group>";
		};
		669FECF1241B16DE00C7733C = {
			isa = PBXGroup;
			children = (
				669FECFC241B16DE00C7733C /* Example */,
				669FED13241B16DF00C7733C /* ExampleTests */,
				669FECFB241B16DE00C7733C /* Products */,
				A0A7047764527A2EE26EC327 /* Pods */,
				4B9D7B9FCA3D49AE43E15A47 /* Frameworks */,
			);
			sourceTree = "<group>";
		};
		669FECFB241B16DE00C7733C /* Products */ = {
			isa = PBXGroup;
			children = (
				669FECFA241B16DE00C7733C /* Example.app */,
				669FED10241B16DF00C7733C /* ExampleTests.xctest */,
			);
			name = Products;
			sourceTree = "<group>";
		};
		669FECFC241B16DE00C7733C /* Example */ = {
			isa = PBXGroup;
			children = (
				664CB2FA2571A386008E6B1F /* Example.entitlements */,
				669FECFD241B16DE00C7733C /* AppDelegate.swift */,
				66E6DF7F25C20375009ECAA1 /* FFT.h */,
				66E6DF8025C20375009ECAA1 /* FFT.m */,
				669FED01241B16DE00C7733C /* ViewController.swift */,
				66E6DF7825C20311009ECAA1 /* Example-Bridging-Header.h */,
				669FED03241B16DE00C7733C /* Main.storyboard */,
				669FED06241B16DF00C7733C /* Assets.xcassets */,
				669FED08241B16DF00C7733C /* LaunchScreen.storyboard */,
				669FED0B241B16DF00C7733C /* Info.plist */,
			);
			path = Example;
			sourceTree = "<group>";
		};
		669FED13241B16DF00C7733C /* ExampleTests */ = {
			isa = PBXGroup;
			children = (
				669FED16241B16DF00C7733C /* Info.plist */,
				661E6A4E26136E5200798C85 /* SanityTests.swift */,
			);
			path = ExampleTests;
			sourceTree = "<group>";
		};
		A0A7047764527A2EE26EC327 /* Pods */ = {
			isa = PBXGroup;
			children = (
				F23C1DC30DA79FCDF61B01C9 /* Pods-Example.debug.xcconfig */,
				90CC2F609372A4F5B9268DA7 /* Pods-Example.release.xcconfig */,
				673E8BF513B350E2FA289D28 /* Pods-ExampleTests.debug.xcconfig */,
				59B82475E1CD5ED52A396F4F /* Pods-ExampleTests.release.xcconfig */,
			);
			path = Pods;
			sourceTree = "<group>";
		};
/* End PBXGroup section */

/* Begin PBXNativeTarget section */
		669FECF9241B16DE00C7733C /* Example */ = {
			isa = PBXNativeTarget;
			buildConfigurationList = 669FED19241B16DF00C7733C /* Build configuration list for PBXNativeTarget "Example" */;
			buildPhases = (
				AB1375ED73755864E7892951 /* [CP] Check Pods Manifest.lock */,
				669FECF6241B16DE00C7733C /* Sources */,
				669FECF7241B16DE00C7733C /* Frameworks */,
				669FECF8241B16DE00C7733C /* Resources */,
				66A9FE8F2422026B007A945D /* Touch Frameworks */,
			);
			buildRules = (
			);
			dependencies = (
			);
			name = Example;
			productName = Example;
			productReference = 669FECFA241B16DE00C7733C /* Example.app */;
			productType = "com.apple.product-type.application";
		};
		669FED0F241B16DF00C7733C /* ExampleTests */ = {
			isa = PBXNativeTarget;
			buildConfigurationList = 669FED1C241B16DF00C7733C /* Build configuration list for PBXNativeTarget "ExampleTests" */;
			buildPhases = (
				6B3FA20F724527DD7F897B26 /* [CP] Check Pods Manifest.lock */,
				669FED0C241B16DF00C7733C /* Sources */,
				669FED0D241B16DF00C7733C /* Frameworks */,
				669FED0E241B16DF00C7733C /* Resources */,
			);
			buildRules = (
			);
			dependencies = (
				669FED12241B16DF00C7733C /* PBXTargetDependency */,
			);
			name = ExampleTests;
			productName = ExampleTests;
			productReference = 669FED10241B16DF00C7733C /* ExampleTests.xctest */;
			productType = "com.apple.product-type.bundle.unit-test";
		};
/* End PBXNativeTarget section */

/* Begin PBXProject section */
		669FECF2241B16DE00C7733C /* Project object */ = {
			isa = PBXProject;
			attributes = {
				LastSwiftUpdateCheck = 1130;
				LastUpgradeCheck = 1130;
				ORGANIZATIONNAME = "Gideon Health, Inc.";
				TargetAttributes = {
					669FECF9241B16DE00C7733C = {
						CreatedOnToolsVersion = 11.3.1;
					};
					669FED0F241B16DF00C7733C = {
						CreatedOnToolsVersion = 11.3.1;
						LastSwiftMigration = 1240;
						TestTargetID = 669FECF9241B16DE00C7733C;
					};
				};
			};
			buildConfigurationList = 669FECF5241B16DE00C7733C /* Build configuration list for PBXProject "Example" */;
			compatibilityVersion = "Xcode 9.3";
			developmentRegion = en;
			hasScannedForEncodings = 0;
			knownRegions = (
				en,
				Base,
			);
			mainGroup = 669FECF1241B16DE00C7733C;
			productRefGroup = 669FECFB241B16DE00C7733C /* Products */;
			projectDirPath = "";
			projectRoot = "";
			targets = (
				669FECF9241B16DE00C7733C /* Example */,
				669FED0F241B16DF00C7733C /* ExampleTests */,
			);
		};
/* End PBXProject section */

/* Begin PBXResourcesBuildPhase section */
		669FECF8241B16DE00C7733C /* Resources */ = {
			isa = PBXResourcesBuildPhase;
			buildActionMask = 2147483647;
			files = (
				669FED0A241B16DF00C7733C /* LaunchScreen.storyboard in Resources */,
				669FED07241B16DF00C7733C /* Assets.xcassets in Resources */,
				669FED05241B16DE00C7733C /* Main.storyboard in Resources */,
			);
			runOnlyForDeploymentPostprocessing = 0;
		};
		669FED0E241B16DF00C7733C /* Resources */ = {
			isa = PBXResourcesBuildPhase;
			buildActionMask = 2147483647;
			files = (
			);
			runOnlyForDeploymentPostprocessing = 0;
		};
/* End PBXResourcesBuildPhase section */

/* Begin PBXShellScriptBuildPhase section */
		66A9FE8F2422026B007A945D /* Touch Frameworks */ = {
			isa = PBXShellScriptBuildPhase;
			buildActionMask = 2147483647;
			files = (
			);
			inputFileListPaths = (
			);
			inputPaths = (
			);
			name = "Touch Frameworks";
			outputFileListPaths = (
			);
			outputPaths = (
			);
			runOnlyForDeploymentPostprocessing = 0;
			shellPath = /bin/sh;
			shellScript = "# This step makes sures that changes to development pods \n# are properly recompiled and reflected in each app run\nfind \"${SRCROOT}/Pods\" -type f -name *frameworks.sh -exec bash -c \"touch \\\"{}\\\"\" \\;\n\n\n";
		};
		6B3FA20F724527DD7F897B26 /* [CP] Check Pods Manifest.lock */ = {
			isa = PBXShellScriptBuildPhase;
			buildActionMask = 2147483647;
			files = (
			);
			inputFileListPaths = (
			);
			inputPaths = (
				"${PODS_PODFILE_DIR_PATH}/Podfile.lock",
				"${PODS_ROOT}/Manifest.lock",
			);
			name = "[CP] Check Pods Manifest.lock";
			outputFileListPaths = (
			);
			outputPaths = (
				"$(DERIVED_FILE_DIR)/Pods-ExampleTests-checkManifestLockResult.txt",
			);
			runOnlyForDeploymentPostprocessing = 0;
			shellPath = /bin/sh;
			shellScript = "diff \"${PODS_PODFILE_DIR_PATH}/Podfile.lock\" \"${PODS_ROOT}/Manifest.lock\" > /dev/null\nif [ $? != 0 ] ; then\n    # print error to STDERR\n    echo \"error: The sandbox is not in sync with the Podfile.lock. Run 'pod install' or update your CocoaPods installation.\" >&2\n    exit 1\nfi\n# This output is used by Xcode 'outputs' to avoid re-running this script phase.\necho \"SUCCESS\" > \"${SCRIPT_OUTPUT_FILE_0}\"\n";
			showEnvVarsInLog = 0;
		};
		AB1375ED73755864E7892951 /* [CP] Check Pods Manifest.lock */ = {
			isa = PBXShellScriptBuildPhase;
			buildActionMask = 2147483647;
			files = (
			);
			inputFileListPaths = (
			);
			inputPaths = (
				"${PODS_PODFILE_DIR_PATH}/Podfile.lock",
				"${PODS_ROOT}/Manifest.lock",
			);
			name = "[CP] Check Pods Manifest.lock";
			outputFileListPaths = (
			);
			outputPaths = (
				"$(DERIVED_FILE_DIR)/Pods-Example-checkManifestLockResult.txt",
			);
			runOnlyForDeploymentPostprocessing = 0;
			shellPath = /bin/sh;
			shellScript = "diff \"${PODS_PODFILE_DIR_PATH}/Podfile.lock\" \"${PODS_ROOT}/Manifest.lock\" > /dev/null\nif [ $? != 0 ] ; then\n    # print error to STDERR\n    echo \"error: The sandbox is not in sync with the Podfile.lock. Run 'pod install' or update your CocoaPods installation.\" >&2\n    exit 1\nfi\n# This output is used by Xcode 'outputs' to avoid re-running this script phase.\necho \"SUCCESS\" > \"${SCRIPT_OUTPUT_FILE_0}\"\n";
			showEnvVarsInLog = 0;
		};
/* End PBXShellScriptBuildPhase section */

/* Begin PBXSourcesBuildPhase section */
		669FECF6241B16DE00C7733C /* Sources */ = {
			isa = PBXSourcesBuildPhase;
			buildActionMask = 2147483647;
			files = (
				66E6DF8125C20375009ECAA1 /* FFT.m in Sources */,
				669FED02241B16DE00C7733C /* ViewController.swift in Sources */,
				669FECFE241B16DE00C7733C /* AppDelegate.swift in Sources */,
			);
			runOnlyForDeploymentPostprocessing = 0;
		};
		669FED0C241B16DF00C7733C /* Sources */ = {
			isa = PBXSourcesBuildPhase;
			buildActionMask = 2147483647;
			files = (
				661E6A4F26136E5200798C85 /* SanityTests.swift in Sources */,
			);
			runOnlyForDeploymentPostprocessing = 0;
		};
/* End PBXSourcesBuildPhase section */

/* Begin PBXTargetDependency section */
		669FED12241B16DF00C7733C /* PBXTargetDependency */ = {
			isa = PBXTargetDependency;
			target = 669FECF9241B16DE00C7733C /* Example */;
			targetProxy = 669FED11241B16DF00C7733C /* PBXContainerItemProxy */;
		};
/* End PBXTargetDependency section */

/* Begin PBXVariantGroup section */
		669FED03241B16DE00C7733C /* Main.storyboard */ = {
			isa = PBXVariantGroup;
			children = (
				669FED04241B16DE00C7733C /* Base */,
			);
			name = Main.storyboard;
			sourceTree = "<group>";
		};
		669FED08241B16DF00C7733C /* LaunchScreen.storyboard */ = {
			isa = PBXVariantGroup;
			children = (
				669FED09241B16DF00C7733C /* Base */,
			);
			name = LaunchScreen.storyboard;
			sourceTree = "<group>";
		};
/* End PBXVariantGroup section */

/* Begin XCBuildConfiguration section */
		669FED17241B16DF00C7733C /* Debug */ = {
			isa = XCBuildConfiguration;
			buildSettings = {
				ALWAYS_SEARCH_USER_PATHS = NO;
				CLANG_ANALYZER_NONNULL = YES;
				CLANG_ANALYZER_NUMBER_OBJECT_CONVERSION = YES_AGGRESSIVE;
				CLANG_CXX_LANGUAGE_STANDARD = "gnu++14";
				CLANG_CXX_LIBRARY = "libc++";
				CLANG_ENABLE_MODULES = YES;
				CLANG_ENABLE_OBJC_ARC = YES;
				CLANG_ENABLE_OBJC_WEAK = YES;
				CLANG_WARN_BLOCK_CAPTURE_AUTORELEASING = YES;
				CLANG_WARN_BOOL_CONVERSION = YES;
				CLANG_WARN_COMMA = YES;
				CLANG_WARN_CONSTANT_CONVERSION = YES;
				CLANG_WARN_DEPRECATED_OBJC_IMPLEMENTATIONS = YES;
				CLANG_WARN_DIRECT_OBJC_ISA_USAGE = YES_ERROR;
				CLANG_WARN_DOCUMENTATION_COMMENTS = YES;
				CLANG_WARN_EMPTY_BODY = YES;
				CLANG_WARN_ENUM_CONVERSION = YES;
				CLANG_WARN_INFINITE_RECURSION = YES;
				CLANG_WARN_INT_CONVERSION = YES;
				CLANG_WARN_NON_LITERAL_NULL_CONVERSION = YES;
				CLANG_WARN_OBJC_IMPLICIT_RETAIN_SELF = YES;
				CLANG_WARN_OBJC_LITERAL_CONVERSION = YES;
				CLANG_WARN_OBJC_ROOT_CLASS = YES_ERROR;
				CLANG_WARN_RANGE_LOOP_ANALYSIS = YES;
				CLANG_WARN_STRICT_PROTOTYPES = YES;
				CLANG_WARN_SUSPICIOUS_MOVE = YES;
				CLANG_WARN_UNGUARDED_AVAILABILITY = YES_AGGRESSIVE;
				CLANG_WARN_UNREACHABLE_CODE = YES;
				CLANG_WARN__DUPLICATE_METHOD_MATCH = YES;
				COPY_PHASE_STRIP = NO;
				DEBUG_INFORMATION_FORMAT = dwarf;
				ENABLE_STRICT_OBJC_MSGSEND = YES;
				ENABLE_TESTABILITY = YES;
				GCC_C_LANGUAGE_STANDARD = gnu11;
				GCC_DYNAMIC_NO_PIC = NO;
				GCC_NO_COMMON_BLOCKS = YES;
				GCC_OPTIMIZATION_LEVEL = 0;
				GCC_PREPROCESSOR_DEFINITIONS = (
					"DEBUG=1",
					"$(inherited)",
				);
				GCC_WARN_64_TO_32_BIT_CONVERSION = YES;
				GCC_WARN_ABOUT_RETURN_TYPE = YES_ERROR;
				GCC_WARN_UNDECLARED_SELECTOR = YES;
				GCC_WARN_UNINITIALIZED_AUTOS = YES_AGGRESSIVE;
				GCC_WARN_UNUSED_FUNCTION = YES;
				GCC_WARN_UNUSED_VARIABLE = YES;
				IPHONEOS_DEPLOYMENT_TARGET = 12.0;
				MTL_ENABLE_DEBUG_INFO = INCLUDE_SOURCE;
				MTL_FAST_MATH = YES;
				ONLY_ACTIVE_ARCH = YES;
				SDKROOT = iphoneos;
				SWIFT_ACTIVE_COMPILATION_CONDITIONS = DEBUG;
				SWIFT_OPTIMIZATION_LEVEL = "-Onone";
			};
			name = Debug;
		};
		669FED18241B16DF00C7733C /* Release */ = {
			isa = XCBuildConfiguration;
			buildSettings = {
				ALWAYS_SEARCH_USER_PATHS = NO;
				CLANG_ANALYZER_NONNULL = YES;
				CLANG_ANALYZER_NUMBER_OBJECT_CONVERSION = YES_AGGRESSIVE;
				CLANG_CXX_LANGUAGE_STANDARD = "gnu++14";
				CLANG_CXX_LIBRARY = "libc++";
				CLANG_ENABLE_MODULES = YES;
				CLANG_ENABLE_OBJC_ARC = YES;
				CLANG_ENABLE_OBJC_WEAK = YES;
				CLANG_WARN_BLOCK_CAPTURE_AUTORELEASING = YES;
				CLANG_WARN_BOOL_CONVERSION = YES;
				CLANG_WARN_COMMA = YES;
				CLANG_WARN_CONSTANT_CONVERSION = YES;
				CLANG_WARN_DEPRECATED_OBJC_IMPLEMENTATIONS = YES;
				CLANG_WARN_DIRECT_OBJC_ISA_USAGE = YES_ERROR;
				CLANG_WARN_DOCUMENTATION_COMMENTS = YES;
				CLANG_WARN_EMPTY_BODY = YES;
				CLANG_WARN_ENUM_CONVERSION = YES;
				CLANG_WARN_INFINITE_RECURSION = YES;
				CLANG_WARN_INT_CONVERSION = YES;
				CLANG_WARN_NON_LITERAL_NULL_CONVERSION = YES;
				CLANG_WARN_OBJC_IMPLICIT_RETAIN_SELF = YES;
				CLANG_WARN_OBJC_LITERAL_CONVERSION = YES;
				CLANG_WARN_OBJC_ROOT_CLASS = YES_ERROR;
				CLANG_WARN_RANGE_LOOP_ANALYSIS = YES;
				CLANG_WARN_STRICT_PROTOTYPES = YES;
				CLANG_WARN_SUSPICIOUS_MOVE = YES;
				CLANG_WARN_UNGUARDED_AVAILABILITY = YES_AGGRESSIVE;
				CLANG_WARN_UNREACHABLE_CODE = YES;
				CLANG_WARN__DUPLICATE_METHOD_MATCH = YES;
				COPY_PHASE_STRIP = NO;
				DEBUG_INFORMATION_FORMAT = "dwarf-with-dsym";
				ENABLE_NS_ASSERTIONS = NO;
				ENABLE_STRICT_OBJC_MSGSEND = YES;
				GCC_C_LANGUAGE_STANDARD = gnu11;
				GCC_NO_COMMON_BLOCKS = YES;
				GCC_WARN_64_TO_32_BIT_CONVERSION = YES;
				GCC_WARN_ABOUT_RETURN_TYPE = YES_ERROR;
				GCC_WARN_UNDECLARED_SELECTOR = YES;
				GCC_WARN_UNINITIALIZED_AUTOS = YES_AGGRESSIVE;
				GCC_WARN_UNUSED_FUNCTION = YES;
				GCC_WARN_UNUSED_VARIABLE = YES;
				IPHONEOS_DEPLOYMENT_TARGET = 12.0;
				MTL_ENABLE_DEBUG_INFO = NO;
				MTL_FAST_MATH = YES;
				SDKROOT = iphoneos;
				SWIFT_COMPILATION_MODE = wholemodule;
				SWIFT_OPTIMIZATION_LEVEL = "-O";
				VALIDATE_PRODUCT = YES;
			};
			name = Release;
		};
		669FED1A241B16DF00C7733C /* Debug */ = {
			isa = XCBuildConfiguration;
			baseConfigurationReference = F23C1DC30DA79FCDF61B01C9 /* Pods-Example.debug.xcconfig */;
			buildSettings = {
				ASSETCATALOG_COMPILER_APPICON_NAME = AppIcon;
				CODE_SIGN_ENTITLEMENTS = Example/Example.entitlements;
				CODE_SIGN_IDENTITY = "iPhone Developer";
				"CODE_SIGN_IDENTITY[sdk=macosx*]" = "Mac Developer";
				CODE_SIGN_STYLE = Manual;
				DEVELOPMENT_TEAM = 4W85SWTF88;
				INFOPLIST_FILE = Example/Info.plist;
				IPHONEOS_DEPLOYMENT_TARGET = 12.1;
				LD_RUNPATH_SEARCH_PATHS = (
					"$(inherited)",
					"@executable_path/Frameworks",
				);
				PRODUCT_BUNDLE_IDENTIFIER = com.gideonhealth.fftw.Example;
				PRODUCT_NAME = "$(TARGET_NAME)";
				PROVISIONING_PROFILE_SPECIFIER = "iOS Development (Wildcard)";
				"PROVISIONING_PROFILE_SPECIFIER[sdk=macosx*]" = "macOS Development (Wildcard)";
				SUPPORTS_MACCATALYST = YES;
				SWIFT_OBJC_BRIDGING_HEADER = "Example/Example-Bridging-Header.h";
				SWIFT_VERSION = 5.0;
				TARGETED_DEVICE_FAMILY = "1,2";
			};
			name = Debug;
		};
		669FED1B241B16DF00C7733C /* Release */ = {
			isa = XCBuildConfiguration;
			baseConfigurationReference = 90CC2F609372A4F5B9268DA7 /* Pods-Example.release.xcconfig */;
			buildSettings = {
				ASSETCATALOG_COMPILER_APPICON_NAME = AppIcon;
				CODE_SIGN_ENTITLEMENTS = Example/Example.entitlements;
				CODE_SIGN_IDENTITY = "iPhone Developer";
				"CODE_SIGN_IDENTITY[sdk=macosx*]" = "Mac Developer";
				CODE_SIGN_STYLE = Manual;
				DEVELOPMENT_TEAM = 4W85SWTF88;
				INFOPLIST_FILE = Example/Info.plist;
				IPHONEOS_DEPLOYMENT_TARGET = 12.1;
				LD_RUNPATH_SEARCH_PATHS = (
					"$(inherited)",
					"@executable_path/Frameworks",
				);
				PRODUCT_BUNDLE_IDENTIFIER = com.gideonhealth.fftw.Example;
				PRODUCT_NAME = "$(TARGET_NAME)";
				PROVISIONING_PROFILE_SPECIFIER = "iOS Development (Wildcard)";
				"PROVISIONING_PROFILE_SPECIFIER[sdk=macosx*]" = "macOS Development (Wildcard)";
				SUPPORTS_MACCATALYST = YES;
				SWIFT_OBJC_BRIDGING_HEADER = "Example/Example-Bridging-Header.h";
				SWIFT_VERSION = 5.0;
				TARGETED_DEVICE_FAMILY = "1,2";
			};
			name = Release;
		};
		669FED1D241B16DF00C7733C /* Debug */ = {
			isa = XCBuildConfiguration;
			baseConfigurationReference = 673E8BF513B350E2FA289D28 /* Pods-ExampleTests.debug.xcconfig */;
			buildSettings = {
				ALWAYS_EMBED_SWIFT_STANDARD_LIBRARIES = YES;
				BUNDLE_LOADER = "$(TEST_HOST)";
				CLANG_ENABLE_MODULES = YES;
				CODE_SIGN_STYLE = Automatic;
				DEVELOPMENT_TEAM = 4W85SWTF88;
				INFOPLIST_FILE = ExampleTests/Info.plist;
				IPHONEOS_DEPLOYMENT_TARGET = 13.2;
				LD_RUNPATH_SEARCH_PATHS = (
					"$(inherited)",
					"@executable_path/Frameworks",
					"@loader_path/Frameworks",
				);
				PRODUCT_BUNDLE_IDENTIFIER = com.gideonhealth.ExampleTests;
				PRODUCT_NAME = "$(TARGET_NAME)";
				SWIFT_OPTIMIZATION_LEVEL = "-Onone";
				SWIFT_VERSION = 5.0;
				TARGETED_DEVICE_FAMILY = "1,2";
				TEST_HOST = "$(BUILT_PRODUCTS_DIR)/Example.app/Example";
			};
			name = Debug;
		};
		669FED1E241B16DF00C7733C /* Release */ = {
			isa = XCBuildConfiguration;
			baseConfigurationReference = 59B82475E1CD5ED52A396F4F /* Pods-ExampleTests.release.xcconfig */;
			buildSettings = {
				ALWAYS_EMBED_SWIFT_STANDARD_LIBRARIES = YES;
				BUNDLE_LOADER = "$(TEST_HOST)";
				CLANG_ENABLE_MODULES = YES;
				CODE_SIGN_STYLE = Automatic;
				DEVELOPMENT_TEAM = 4W85SWTF88;
				INFOPLIST_FILE = ExampleTests/Info.plist;
				IPHONEOS_DEPLOYMENT_TARGET = 13.2;
				LD_RUNPATH_SEARCH_PATHS = (
					"$(inherited)",
					"@executable_path/Frameworks",
					"@loader_path/Frameworks",
				);
				PRODUCT_BUNDLE_IDENTIFIER = com.gideonhealth.ExampleTests;
				PRODUCT_NAME = "$(TARGET_NAME)";
				SWIFT_VERSION = 5.0;
				TARGETED_DEVICE_FAMILY = "1,2";
				TEST_HOST = "$(BUILT_PRODUCTS_DIR)/Example.app/Example";
			};
			name = Release;
		};
/* End XCBuildConfiguration section */

/* Begin XCConfigurationList section */
		669FECF5241B16DE00C7733C /* Build configuration list for PBXProject "Example" */ = {
			isa = XCConfigurationList;
			buildConfigurations = (
				669FED17241B16DF00C7733C /* Debug */,
				669FED18241B16DF00C7733C /* Release */,
			);
			defaultConfigurationIsVisible = 0;
			defaultConfigurationName = Release;
		};
		669FED19241B16DF00C7733C /* Build configuration list for PBXNativeTarget "Example" */ = {
			isa = XCConfigurationList;
			buildConfigurations = (
				669FED1A241B16DF00C7733C /* Debug */,
				669FED1B241B16DF00C7733C /* Release */,
			);
			defaultConfigurationIsVisible = 0;
			defaultConfigurationName = Release;
		};
		669FED1C241B16DF00C7733C /* Build configuration list for PBXNativeTarget "ExampleTests" */ = {
			isa = XCConfigurationList;
			buildConfigurations = (
				669FED1D241B16DF00C7733C /* Debug */,
				669FED1E241B16DF00C7733C /* Release */,
			);
			defaultConfigurationIsVisible = 0;
			defaultConfigurationName = Release;
		};
/* End XCConfigurationList section */
	};
	rootObject = 669FECF2241B16DE00C7733C /* Project object */;
}
